
Microsoft Visual Studio Solution File, Format Version 12.00
# Visual Studio Version 16
VisualStudioVersion = 16.0.30517.126
MinimumVisualStudioVersion = 10.0.40219.1
Project("{FAE04EC0-301F-11D3-BF4B-00C04F79EFBC}") = "employee wages", "employee wages\employee wages.csproj", "{5E2ADAE7-65B1-403D-9937-E9BA17EBE60B}"
EndProject
Global
	GlobalSection(SolutionConfigurationPlatforms) = preSolution
		Debug|Any CPU = Debug|Any CPU
		Release|Any CPU = Release|Any CPU
	EndGlobalSection
	GlobalSection(ProjectConfigurationPlatforms) = postSolution
		{5E2ADAE7-65B1-403D-9937-E9BA17EBE60B}.Debug|Any CPU.ActiveCfg = Debug|Any CPU
		{5E2ADAE7-65B1-403D-9937-E9BA17EBE60B}.Debug|Any CPU.Build.0 = Debug|Any CPU
		{5E2ADAE7-65B1-403D-9937-E9BA17EBE60B}.Release|Any CPU.ActiveCfg = Release|Any CPU
		{5E2ADAE7-65B1-403D-9937-E9BA17EBE60B}.Release|Any CPU.Build.0 = Release|Any CPU
	EndGlobalSection
	GlobalSection(SolutionProperties) = preSolution
		HideSolutionNode = FALSE
	EndGlobalSection
	GlobalSection(ExtensibilityGlobals) = postSolution
		SolutionGuid = {D27CE828-1439-4317-8AFE-DFBDF3C6E02F}
	EndGlobalSection
EndGlobal
